
Microsoft Visual Studio Solution File, Format Version 12.00
# Visual Studio Version 16
VisualStudioVersion = 16.0.29102.190
MinimumVisualStudioVersion = 10.0.40219.1
Project("{9A19103F-16F7-4668-BE54-9A1E7A4F7556}") = "EmployeeManagement.WebAPI", "EmployeeManagement.WebAPI\EmployeeManagement.WebAPI.csproj", "{8042BCC5-DEAF-4F83-9A30-F7797F5E1CD7}"
EndProject
Project("{2150E333-8FDC-42A3-9474-1A3956D46DE8}") = "src", "src", "{8060AEA1-22CE-4CB3-95EC-57B500E37DB2}"
EndProject
Project("{2150E333-8FDC-42A3-9474-1A3956D46DE8}") = "backend", "backend", "{507299C5-085F-4136-90B7-9DD109578C35}"
EndProject
Project("{2150E333-8FDC-42A3-9474-1A3956D46DE8}") = "frontend", "frontend", "{D5A14FAF-349C-44E8-A426-789C4EBAC5A8}"
EndProject
Project("{2150E333-8FDC-42A3-9474-1A3956D46DE8}") = "presentation", "presentation", "{91ACC318-9E0A-42BD-8102-92CDF828E3DA}"
EndProject
Project("{2150E333-8FDC-42A3-9474-1A3956D46DE8}") = "common", "common", "{202E361F-043E-40B0-8BE2-6E29156F8303}"
EndProject
Project("{2150E333-8FDC-42A3-9474-1A3956D46DE8}") = "infrastructure", "infrastructure", "{5124CD6E-C41A-4C84-B2F1-743D76A41F70}"
EndProject
Project("{2150E333-8FDC-42A3-9474-1A3956D46DE8}") = "core", "core", "{4B3D0D15-64DF-4C9D-AAA4-75976FBB74F8}"
EndProject
Project("{9A19103F-16F7-4668-BE54-9A1E7A4F7556}") = "EmployeeManagement.Common", "EmployeeManagement.Common\EmployeeManagement.Common.csproj", "{1EA7A66F-BF7B-44BF-A121-6A47BD3DD4E7}"
EndProject
Project("{9A19103F-16F7-4668-BE54-9A1E7A4F7556}") = "EmployeeManagement.Application", "EmployeeManagement.Application\EmployeeManagement.Application.csproj", "{529DAC7B-78D9-4E60-A6DB-C02F3EAD7C0D}"
EndProject
Project("{9A19103F-16F7-4668-BE54-9A1E7A4F7556}") = "EmployeeManagement.Domain", "EmployeeManagement.Domain\EmployeeManagement.Domain.csproj", "{4650FAD7-4719-4C0D-AEF4-076272B308DF}"
EndProject
Project("{9A19103F-16F7-4668-BE54-9A1E7A4F7556}") = "EmployeeManagement.Infrastructure", "EmployeeManagement.Infrastructure\EmployeeManagement.Infrastructure.csproj", "{5EE29BB1-48B5-477F-B703-8F8924B5750D}"
EndProject
Project("{9A19103F-16F7-4668-BE54-9A1E7A4F7556}") = "EmployeeManagement.Persistence", "EmployeeManagement.Persistence\EmployeeManagement.Persistence.csproj", "{671E4BB0-7662-46BC-93A4-BA7DEEE00DBB}"
EndProject
Project("{2150E333-8FDC-42A3-9474-1A3956D46DE8}") = "Database", "Database", "{4774B568-698B-434F-951A-45D420E7B3CF}"
EndProject
Project("{00D1A9C2-B5F0-4AF3-8072-F6C62B433612}") = "EmployeeDev", "EmployeeDev\EmployeeDev.sqlproj", "{C6854B13-6000-46D9-A69D-4C9F3E189426}"
EndProject
Project("{2150E333-8FDC-42A3-9474-1A3956D46DE8}") = "UnitTests", "UnitTests", "{F3D22D17-E8E8-4617-8B81-AD79B685A768}"
EndProject
Project("{9A19103F-16F7-4668-BE54-9A1E7A4F7556}") = "EmployeeManagement.UnitTests", "EmployeeManagement.UnitTests\EmployeeManagement.UnitTests.csproj", "{3D512BB5-8FED-4514-873E-7C99280DAEFE}"
EndProject
Project("{FAE04EC0-301F-11D3-BF4B-00C04F79EFBC}") = "UserManagement.WebAPI", "UserManagement.WebAPI\UserManagement.WebAPI.csproj", "{4DC390C4-3463-49AC-A5D8-9A9259724900}"
EndProject
Global
	GlobalSection(SolutionConfigurationPlatforms) = preSolution
		Debug|Any CPU = Debug|Any CPU
		Release|Any CPU = Release|Any CPU
	EndGlobalSection
	GlobalSection(ProjectConfigurationPlatforms) = postSolution
		{8042BCC5-DEAF-4F83-9A30-F7797F5E1CD7}.Debug|Any CPU.ActiveCfg = Debug|Any CPU
		{8042BCC5-DEAF-4F83-9A30-F7797F5E1CD7}.Debug|Any CPU.Build.0 = Debug|Any CPU
		{8042BCC5-DEAF-4F83-9A30-F7797F5E1CD7}.Release|Any CPU.ActiveCfg = Release|Any CPU
		{8042BCC5-DEAF-4F83-9A30-F7797F5E1CD7}.Release|Any CPU.Build.0 = Release|Any CPU
		{1EA7A66F-BF7B-44BF-A121-6A47BD3DD4E7}.Debug|Any CPU.ActiveCfg = Debug|Any CPU
		{1EA7A66F-BF7B-44BF-A121-6A47BD3DD4E7}.Debug|Any CPU.Build.0 = Debug|Any CPU
		{1EA7A66F-BF7B-44BF-A121-6A47BD3DD4E7}.Release|Any CPU.ActiveCfg = Release|Any CPU
		{1EA7A66F-BF7B-44BF-A121-6A47BD3DD4E7}.Release|Any CPU.Build.0 = Release|Any CPU
		{529DAC7B-78D9-4E60-A6DB-C02F3EAD7C0D}.Debug|Any CPU.ActiveCfg = Debug|Any CPU
		{529DAC7B-78D9-4E60-A6DB-C02F3EAD7C0D}.Debug|Any CPU.Build.0 = Debug|Any CPU
		{529DAC7B-78D9-4E60-A6DB-C02F3EAD7C0D}.Release|Any CPU.ActiveCfg = Release|Any CPU
		{529DAC7B-78D9-4E60-A6DB-C02F3EAD7C0D}.Release|Any CPU.Build.0 = Release|Any CPU
		{4650FAD7-4719-4C0D-AEF4-076272B308DF}.Debug|Any CPU.ActiveCfg = Debug|Any CPU
		{4650FAD7-4719-4C0D-AEF4-076272B308DF}.Debug|Any CPU.Build.0 = Debug|Any CPU
		{4650FAD7-4719-4C0D-AEF4-076272B308DF}.Release|Any CPU.ActiveCfg = Release|Any CPU
		{4650FAD7-4719-4C0D-AEF4-076272B308DF}.Release|Any CPU.Build.0 = Release|Any CPU
		{5EE29BB1-48B5-477F-B703-8F8924B5750D}.Debug|Any CPU.ActiveCfg = Debug|Any CPU
		{5EE29BB1-48B5-477F-B703-8F8924B5750D}.Debug|Any CPU.Build.0 = Debug|Any CPU
		{5EE29BB1-48B5-477F-B703-8F8924B5750D}.Release|Any CPU.ActiveCfg = Release|Any CPU
		{5EE29BB1-48B5-477F-B703-8F8924B5750D}.Release|Any CPU.Build.0 = Release|Any CPU
		{671E4BB0-7662-46BC-93A4-BA7DEEE00DBB}.Debug|Any CPU.ActiveCfg = Debug|Any CPU
		{671E4BB0-7662-46BC-93A4-BA7DEEE00DBB}.Debug|Any CPU.Build.0 = Debug|Any CPU
		{671E4BB0-7662-46BC-93A4-BA7DEEE00DBB}.Release|Any CPU.ActiveCfg = Release|Any CPU
		{671E4BB0-7662-46BC-93A4-BA7DEEE00DBB}.Release|Any CPU.Build.0 = Release|Any CPU
		{C6854B13-6000-46D9-A69D-4C9F3E189426}.Debug|Any CPU.ActiveCfg = Debug|Any CPU
		{C6854B13-6000-46D9-A69D-4C9F3E189426}.Debug|Any CPU.Build.0 = Debug|Any CPU
		{C6854B13-6000-46D9-A69D-4C9F3E189426}.Debug|Any CPU.Deploy.0 = Debug|Any CPU
		{C6854B13-6000-46D9-A69D-4C9F3E189426}.Release|Any CPU.ActiveCfg = Release|Any CPU
		{C6854B13-6000-46D9-A69D-4C9F3E189426}.Release|Any CPU.Build.0 = Release|Any CPU
		{C6854B13-6000-46D9-A69D-4C9F3E189426}.Release|Any CPU.Deploy.0 = Release|Any CPU
		{3D512BB5-8FED-4514-873E-7C99280DAEFE}.Debug|Any CPU.ActiveCfg = Debug|Any CPU
		{3D512BB5-8FED-4514-873E-7C99280DAEFE}.Debug|Any CPU.Build.0 = Debug|Any CPU
		{3D512BB5-8FED-4514-873E-7C99280DAEFE}.Release|Any CPU.ActiveCfg = Release|Any CPU
		{3D512BB5-8FED-4514-873E-7C99280DAEFE}.Release|Any CPU.Build.0 = Release|Any CPU
		{4DC390C4-3463-49AC-A5D8-9A9259724900}.Debug|Any CPU.ActiveCfg = Debug|Any CPU
		{4DC390C4-3463-49AC-A5D8-9A9259724900}.Debug|Any CPU.Build.0 = Debug|Any CPU
		{4DC390C4-3463-49AC-A5D8-9A9259724900}.Release|Any CPU.ActiveCfg = Release|Any CPU
		{4DC390C4-3463-49AC-A5D8-9A9259724900}.Release|Any CPU.Build.0 = Release|Any CPU
	EndGlobalSection
	GlobalSection(SolutionProperties) = preSolution
		HideSolutionNode = FALSE
	EndGlobalSection
	GlobalSection(NestedProjects) = preSolution
		{8042BCC5-DEAF-4F83-9A30-F7797F5E1CD7} = {91ACC318-9E0A-42BD-8102-92CDF828E3DA}
		{507299C5-085F-4136-90B7-9DD109578C35} = {8060AEA1-22CE-4CB3-95EC-57B500E37DB2}
		{D5A14FAF-349C-44E8-A426-789C4EBAC5A8} = {8060AEA1-22CE-4CB3-95EC-57B500E37DB2}
		{91ACC318-9E0A-42BD-8102-92CDF828E3DA} = {507299C5-085F-4136-90B7-9DD109578C35}
		{202E361F-043E-40B0-8BE2-6E29156F8303} = {507299C5-085F-4136-90B7-9DD109578C35}
		{5124CD6E-C41A-4C84-B2F1-743D76A41F70} = {507299C5-085F-4136-90B7-9DD109578C35}
		{4B3D0D15-64DF-4C9D-AAA4-75976FBB74F8} = {507299C5-085F-4136-90B7-9DD109578C35}
		{1EA7A66F-BF7B-44BF-A121-6A47BD3DD4E7} = {202E361F-043E-40B0-8BE2-6E29156F8303}
		{529DAC7B-78D9-4E60-A6DB-C02F3EAD7C0D} = {4B3D0D15-64DF-4C9D-AAA4-75976FBB74F8}
		{4650FAD7-4719-4C0D-AEF4-076272B308DF} = {4B3D0D15-64DF-4C9D-AAA4-75976FBB74F8}
		{5EE29BB1-48B5-477F-B703-8F8924B5750D} = {5124CD6E-C41A-4C84-B2F1-743D76A41F70}
		{671E4BB0-7662-46BC-93A4-BA7DEEE00DBB} = {5124CD6E-C41A-4C84-B2F1-743D76A41F70}
		{4774B568-698B-434F-951A-45D420E7B3CF} = {5124CD6E-C41A-4C84-B2F1-743D76A41F70}
		{C6854B13-6000-46D9-A69D-4C9F3E189426} = {4774B568-698B-434F-951A-45D420E7B3CF}
		{F3D22D17-E8E8-4617-8B81-AD79B685A768} = {91ACC318-9E0A-42BD-8102-92CDF828E3DA}
		{3D512BB5-8FED-4514-873E-7C99280DAEFE} = {F3D22D17-E8E8-4617-8B81-AD79B685A768}
		{4DC390C4-3463-49AC-A5D8-9A9259724900} = {91ACC318-9E0A-42BD-8102-92CDF828E3DA}
	EndGlobalSection
	GlobalSection(ExtensibilityGlobals) = postSolution
		SolutionGuid = {5A3399AA-10C1-4FFE-8692-402371E4525D}
	EndGlobalSection
EndGlobal
